<?xml version="1.0" encoding="utf-8"?>
<Project ToolsVersion="4.0" xmlns="http://schemas.microsoft.com/developer/msbuild/2003">
  <ItemGroup>
    <Filter Include="Sources">
      <UniqueIdentifier>{4FC737F1-C7A5-4376-A066-2A32D752A2FF}</UniqueIdentifier>
      <Extensions>cpp;c;cc;cxx;c++;def;odl;idl;hpj;bat;asm;asmx</Extensions>
    </Filter>
    <Filter Include="Sources\Layers">
      <UniqueIdentifier>{e1a73348-019b-47d2-bf11-4d0f64855563}</UniqueIdentifier>
    </Filter>
  </ItemGroup>
  <ItemGroup>
    <ClInclude Include="..\Editor\Editor.h">
      <Filter>Sources</Filter>
    </ClInclude>
    <ClInclude Include="..\Editor\EditorApp.h">
      <Filter>Sources</Filter>
    </ClInclude>
    <ClInclude Include="..\Editor\Layers\MenuBarLayer.h">
      <Filter>Sources\Layers</Filter>
    </ClInclude>
    <ClInclude Include="..\Editor\Layers\WorldHierarchyLayer.h">
      <Filter>Sources\Layers</Filter>
    </ClInclude>
    <ClInclude Include="..\Editor\Layers\GameViewLayer.h">
      <Filter>Sources\Layers</Filter>
    </ClInclude>
  </ItemGroup>
  <ItemGroup>
    <ClCompile Include="..\Editor\EditorMain.cpp">
      <Filter>Sources</Filter>
    </ClCompile>
    <ClCompile Include="..\Editor\EditorApp.cpp">
      <Filter>Sources</Filter>
    </ClCompile>
    <ClCompile Include="..\Editor\Layers\MenuBarLayer.cpp">
      <Filter>Sources\Layers</Filter>
    </ClCompile>
    <ClCompile Include="..\Editor\Layers\WorldHierarchyLayer.cpp">
      <Filter>Sources\Layers</Filter>
    </ClCompile>
    <ClCompile Include="..\Editor\Layers\GameViewLayer.cpp">
      <Filter>Sources\Layers</Filter>
    </ClCompile>
  </ItemGroup>
</Project>