
Microsoft Visual Studio Solution File, Format Version 12.00
# Visual Studio 15
VisualStudioVersion = 15.0.27130.2020
MinimumVisualStudioVersion = 10.0.40219.1
Project("{8BC9CEB8-8B4A-11D0-8D11-00A0C91BC942}") = "Runtime", "Runtime.vcxproj", "{6742BECA-60F9-4DF9-9B98-4F684457CCE8}"
EndProject
Project("{8BC9CEB8-8B4A-11D0-8D11-00A0C91BC942}") = "Test", "Test.vcxproj", "{5862A8D8-525E-4271-A925-E11865B4B705}"
	ProjectSection(ProjectDependencies) = postProject
		{6742BECA-60F9-4DF9-9B98-4F684457CCE8} = {6742BECA-60F9-4DF9-9B98-4F684457CCE8}
	EndProjectSection
EndProject
Global
	GlobalSection(SolutionConfigurationPlatforms) = preSolution
		Debug|x64 = Debug|x64
		Release|x64 = Release|x64
	EndGlobalSection
	GlobalSection(ProjectConfigurationPlatforms) = postSolution
		{6742BECA-60F9-4DF9-9B98-4F684457CCE8}.Debug|x64.ActiveCfg = Debug|x64
		{6742BECA-60F9-4DF9-9B98-4F684457CCE8}.Debug|x64.Build.0 = Debug|x64
		{6742BECA-60F9-4DF9-9B98-4F684457CCE8}.Release|x64.ActiveCfg = Release|x64
		{6742BECA-60F9-4DF9-9B98-4F684457CCE8}.Release|x64.Build.0 = Release|x64
		{5862A8D8-525E-4271-A925-E11865B4B705}.Debug|x64.ActiveCfg = Debug|x64
		{5862A8D8-525E-4271-A925-E11865B4B705}.Debug|x64.Build.0 = Debug|x64
		{5862A8D8-525E-4271-A925-E11865B4B705}.Release|x64.ActiveCfg = Release|x64
		{5862A8D8-525E-4271-A925-E11865B4B705}.Release|x64.Build.0 = Release|x64
	EndGlobalSection
	GlobalSection(SolutionProperties) = preSolution
		HideSolutionNode = FALSE
	EndGlobalSection
	GlobalSection(ExtensibilityGlobals) = postSolution
		SolutionGuid = {0CE94766-B223-444F-8C5D-41D20CFCDE8E}
	EndGlobalSection
EndGlobal
