
Microsoft Visual Studio Solution File, Format Version 12.00
# Visual Studio 15
VisualStudioVersion = 15.0.26228.4
MinimumVisualStudioVersion = 10.0.40219.1
Project("{8BC9CEB8-8B4A-11D0-8D11-00A0C91BC942}") = "Mile", "Mile.vcxproj", "{D37D80B5-17C7-4D19-8CA7-5D9A795744E1}"
EndProject
Global
	GlobalSection(SolutionConfigurationPlatforms) = preSolution
		EditorDebug|x64 = EditorDebug|x64
		EditorRelease|x64 = EditorRelease|x64
		GameDebug|x64 = GameDebug|x64
		GameRelease|x64 = GameRelease|x64
	EndGlobalSection
	GlobalSection(ProjectConfigurationPlatforms) = postSolution
		{D37D80B5-17C7-4D19-8CA7-5D9A795744E1}.EditorDebug|x64.ActiveCfg = EditorDebug|x64
		{D37D80B5-17C7-4D19-8CA7-5D9A795744E1}.EditorDebug|x64.Build.0 = EditorDebug|x64
		{D37D80B5-17C7-4D19-8CA7-5D9A795744E1}.EditorRelease|x64.ActiveCfg = EditorRelease|x64
		{D37D80B5-17C7-4D19-8CA7-5D9A795744E1}.EditorRelease|x64.Build.0 = EditorRelease|x64
		{D37D80B5-17C7-4D19-8CA7-5D9A795744E1}.GameDebug|x64.ActiveCfg = Debug|x64
		{D37D80B5-17C7-4D19-8CA7-5D9A795744E1}.GameDebug|x64.Build.0 = Debug|x64
		{D37D80B5-17C7-4D19-8CA7-5D9A795744E1}.GameRelease|x64.ActiveCfg = Release|x64
		{D37D80B5-17C7-4D19-8CA7-5D9A795744E1}.GameRelease|x64.Build.0 = Release|x64
	EndGlobalSection
	GlobalSection(SolutionProperties) = preSolution
		HideSolutionNode = FALSE
	EndGlobalSection
EndGlobal
