<?xml version="1.0" encoding="utf-8"?>
<Project ToolsVersion="4.0" xmlns="http://schemas.microsoft.com/developer/msbuild/2003">
  <ItemGroup>
    <Filter Include="Source">
      <UniqueIdentifier>{ae657049-f45f-4fe9-b6ca-304b9c4cb6c4}</UniqueIdentifier>
    </Filter>
    <Filter Include="Source\Core">
      <UniqueIdentifier>{173c9e97-ebf2-42b9-8a1d-dbbf6476fdd5}</UniqueIdentifier>
    </Filter>
    <Filter Include="Source\Math">
      <UniqueIdentifier>{6d6d4f40-0a9b-4cfa-9356-0f06f85384f2}</UniqueIdentifier>
    </Filter>
    <Filter Include="Source\Application">
      <UniqueIdentifier>{bd7e0694-42a3-4dc4-bcad-0dfe9bdce92d}</UniqueIdentifier>
    </Filter>
    <Filter Include="Source\Utility">
      <UniqueIdentifier>{75dc9eca-dd14-4894-ae9f-4c29100ecf01}</UniqueIdentifier>
    </Filter>
    <Filter Include="Source\Components">
      <UniqueIdentifier>{f25757ff-1eae-43eb-867c-37db2e31e95a}</UniqueIdentifier>
    </Filter>
    <Filter Include="Source\GameFramework">
      <UniqueIdentifier>{d86d3e16-0f5f-4bce-865a-4eaf0d2acecd}</UniqueIdentifier>
    </Filter>
  </ItemGroup>
  <ItemGroup>
    <ClInclude Include="..\Source\Mile\Mile.h">
      <Filter>Source</Filter>
    </ClInclude>
    <ClInclude Include="..\Source\Mile\Math\MileMath.h">
      <Filter>Source\Math</Filter>
    </ClInclude>
    <ClInclude Include="..\Source\Mile\Math\Vector4.h">
      <Filter>Source\Math</Filter>
    </ClInclude>
    <ClInclude Include="..\Source\Mile\Core\MileChar.h">
      <Filter>Source\Core</Filter>
    </ClInclude>
    <ClInclude Include="..\Source\Mile\Math\Vector.h">
      <Filter>Source\Math</Filter>
    </ClInclude>
    <ClInclude Include="..\Source\Mile\Application\Application.h">
      <Filter>Source\Application</Filter>
    </ClInclude>
    <ClInclude Include="..\Source\Mile\Core\Timer.h">
      <Filter>Source\Utility</Filter>
    </ClInclude>
    <ClInclude Include="..\Source\Mile\Components\ActorComponent.h">
      <Filter>Source\Components</Filter>
    </ClInclude>
    <ClInclude Include="..\Source\Mile\Components\SceneComponent.h">
      <Filter>Source\Components</Filter>
    </ClInclude>
    <ClInclude Include="..\Source\Mile\GameFramework\Actor.h">
      <Filter>Source\GameFramework</Filter>
    </ClInclude>
    <ClInclude Include="..\Source\Mile\GameFramework\World.h">
      <Filter>Source\GameFramework</Filter>
    </ClInclude>
    <ClInclude Include="..\Source\Mile\GameFramework\Level.h">
      <Filter>Source\GameFramework</Filter>
    </ClInclude>
    <ClInclude Include="..\Source\Mile\GameFramework\GameMode.h">
      <Filter>Source\GameFramework</Filter>
    </ClInclude>
    <ClInclude Include="..\Source\Mile\Math\Matrix.h">
      <Filter>Source\Math</Filter>
    </ClInclude>
    <ClInclude Include="..\Source\Mile\Core\MileString.h">
      <Filter>Source\Core</Filter>
    </ClInclude>
  </ItemGroup>
  <ItemGroup>
    <ClCompile Include="..\Source\Mile\Core\Vector.cpp">
      <Filter>Source\Math</Filter>
    </ClCompile>
    <ClCompile Include="..\Source\Mile\Application\Application.cpp">
      <Filter>Source\Application</Filter>
    </ClCompile>
    <ClCompile Include="..\Source\Mile\Core\Timer.cpp">
      <Filter>Source\Utility</Filter>
    </ClCompile>
  </ItemGroup>
</Project>