<?xml version="1.0" encoding="utf-8"?>
<Project ToolsVersion="4.0" xmlns="http://schemas.microsoft.com/developer/msbuild/2003">
  <ItemGroup>
    <Filter Include="ThirdParty">
      <UniqueIdentifier>{5406f72d-f47b-4710-88b6-111d3153388c}</UniqueIdentifier>
    </Filter>
    <Filter Include="ThirdParty\json">
      <UniqueIdentifier>{058221c6-d62e-4c78-899f-32d2a0c45c1f}</UniqueIdentifier>
    </Filter>
    <Filter Include="Shaders">
      <UniqueIdentifier>{776385f7-c74f-4647-8275-8c2537b0f97d}</UniqueIdentifier>
    </Filter>
    <Filter Include="ThirdParty\FreeImage">
      <UniqueIdentifier>{083b41a3-3a5a-4ae5-9569-ef7dd4e6ece5}</UniqueIdentifier>
    </Filter>
    <Filter Include="ThirdParty\assimp">
      <UniqueIdentifier>{8901785b-806b-45c4-b2d4-413b1226390d}</UniqueIdentifier>
    </Filter>
    <Filter Include="Sources">
      <UniqueIdentifier>{174de3b0-6525-49ad-af3b-d4b403b79e25}</UniqueIdentifier>
    </Filter>
    <Filter Include="Sources\Resource">
      <UniqueIdentifier>{59186037-5e12-4276-ad89-04ba5e35c69f}</UniqueIdentifier>
    </Filter>
    <Filter Include="Sources\Rendering">
      <UniqueIdentifier>{d1f9d1d8-950f-421a-a286-64300b2e45ea}</UniqueIdentifier>
    </Filter>
    <Filter Include="Sources\MT">
      <UniqueIdentifier>{9f8b5cb0-39c5-441a-8fa9-ddd62c5ae18b}</UniqueIdentifier>
    </Filter>
    <Filter Include="Sources\Core">
      <UniqueIdentifier>{5cfaab77-c9fe-42bd-aa80-f722eb33613d}</UniqueIdentifier>
    </Filter>
    <Filter Include="Sources\Math">
      <UniqueIdentifier>{de67a36c-e7a7-4d56-84cb-2ec42365dc82}</UniqueIdentifier>
    </Filter>
    <Filter Include="Sources\GameFramework">
      <UniqueIdentifier>{7ab57107-4381-488a-af23-0b9a63b49ca7}</UniqueIdentifier>
    </Filter>
    <Filter Include="Sources\Component">
      <UniqueIdentifier>{5a159d47-a33e-434f-b54b-8bd8ca48aa49}</UniqueIdentifier>
    </Filter>
    <Filter Include="Shaders\PBS">
      <UniqueIdentifier>{c2821aad-7a87-4d95-b69f-010444de68b5}</UniqueIdentifier>
    </Filter>
    <Filter Include="Shaders\Light-Pre Pass">
      <UniqueIdentifier>{bdf3b01c-07fd-41cf-bff3-38a304f8d0f9}</UniqueIdentifier>
    </Filter>
    <Filter Include="Shaders\Post-Process">
      <UniqueIdentifier>{e6280367-3731-4e5d-955c-6958b66856f0}</UniqueIdentifier>
    </Filter>
    <Filter Include="ThirdParty\imgui">
      <UniqueIdentifier>{536edf63-f21b-415e-8c14-7b29cb049595}</UniqueIdentifier>
    </Filter>
    <Filter Include="ThirdParty\optick">
      <UniqueIdentifier>{1a366322-d6de-46f1-9422-9a558827b5a0}</UniqueIdentifier>
    </Filter>
    <Filter Include="Sources\Rendering\RenderPasses">
      <UniqueIdentifier>{be4efd3a-942d-4e6d-b102-e563be4c9ed6}</UniqueIdentifier>
    </Filter>
    <Filter Include="Sources\Rendering\Resources">
      <UniqueIdentifier>{26a79c48-8016-45ba-9875-405c6f2efc4c}</UniqueIdentifier>
    </Filter>
    <Filter Include="Sources\Rendering\States">
      <UniqueIdentifier>{c0148c7e-e007-4c10-8c65-e86023550347}</UniqueIdentifier>
    </Filter>
    <Filter Include="Sources\Resource\Loader">
      <UniqueIdentifier>{94b7e601-96e3-485a-bc7b-815d0deea8df}</UniqueIdentifier>
    </Filter>
    <Filter Include="Sources\Resource\Resources">
      <UniqueIdentifier>{32b12185-7784-4505-9a19-d94411444ae9}</UniqueIdentifier>
    </Filter>
    <Filter Include="Sources\Elaina">
      <UniqueIdentifier>{3e853850-08bd-477f-995f-4786d3dd63f3}</UniqueIdentifier>
    </Filter>
    <Filter Include="Sources\Experimental">
      <UniqueIdentifier>{09560966-83c4-4633-9153-25cae0eb73ed}</UniqueIdentifier>
    </Filter>
  </ItemGroup>
  <ItemGroup>
    <ClInclude Include="..\ThirdParty\json\src\json.hpp">
      <Filter>ThirdParty\json</Filter>
    </ClInclude>
    <ClInclude Include="..\ThirdParty\FreeImage\include\FreeImage.h">
      <Filter>ThirdParty\FreeImage</Filter>
    </ClInclude>
    <ClInclude Include="..\ThirdParty\FreeImage\include\Utilities.h">
      <Filter>ThirdParty\FreeImage</Filter>
    </ClInclude>
    <ClInclude Include="..\ThirdParty\assimp\include\assimp\aabb.h">
      <Filter>ThirdParty\assimp</Filter>
    </ClInclude>
    <ClInclude Include="..\ThirdParty\assimp\include\assimp\ai_assert.h">
      <Filter>ThirdParty\assimp</Filter>
    </ClInclude>
    <ClInclude Include="..\ThirdParty\assimp\include\assimp\anim.h">
      <Filter>ThirdParty\assimp</Filter>
    </ClInclude>
    <ClInclude Include="..\ThirdParty\assimp\include\assimp\BaseImporter.h">
      <Filter>ThirdParty\assimp</Filter>
    </ClInclude>
    <ClInclude Include="..\ThirdParty\assimp\include\assimp\Bitmap.h">
      <Filter>ThirdParty\assimp</Filter>
    </ClInclude>
    <ClInclude Include="..\ThirdParty\assimp\include\assimp\BlobIOSystem.h">
      <Filter>ThirdParty\assimp</Filter>
    </ClInclude>
    <ClInclude Include="..\ThirdParty\assimp\include\assimp\ByteSwapper.h">
      <Filter>ThirdParty\assimp</Filter>
    </ClInclude>
    <ClInclude Include="..\ThirdParty\assimp\include\assimp\camera.h">
      <Filter>ThirdParty\assimp</Filter>
    </ClInclude>
    <ClInclude Include="..\ThirdParty\assimp\include\assimp\cexport.h">
      <Filter>ThirdParty\assimp</Filter>
    </ClInclude>
    <ClInclude Include="..\ThirdParty\assimp\include\assimp\cfileio.h">
      <Filter>ThirdParty\assimp</Filter>
    </ClInclude>
    <ClInclude Include="..\ThirdParty\assimp\include\assimp\cimport.h">
      <Filter>ThirdParty\assimp</Filter>
    </ClInclude>
    <ClInclude Include="..\ThirdParty\assimp\include\assimp\color4.h">
      <Filter>ThirdParty\assimp</Filter>
    </ClInclude>
    <ClInclude Include="..\ThirdParty\assimp\include\assimp\Compiler\poppack1.h">
      <Filter>ThirdParty\assimp</Filter>
    </ClInclude>
    <ClInclude Include="..\ThirdParty\assimp\include\assimp\Compiler\pstdint.h">
      <Filter>ThirdParty\assimp</Filter>
    </ClInclude>
    <ClInclude Include="..\ThirdParty\assimp\include\assimp\Compiler\pushpack1.h">
      <Filter>ThirdParty\assimp</Filter>
    </ClInclude>
    <ClInclude Include="..\ThirdParty\assimp\include\assimp\config.h">
      <Filter>ThirdParty\assimp</Filter>
    </ClInclude>
    <ClInclude Include="..\ThirdParty\assimp\include\assimp\CreateAnimMesh.h">
      <Filter>ThirdParty\assimp</Filter>
    </ClInclude>
    <ClInclude Include="..\ThirdParty\assimp\include\assimp\DefaultIOStream.h">
      <Filter>ThirdParty\assimp</Filter>
    </ClInclude>
    <ClInclude Include="..\ThirdParty\assimp\include\assimp\DefaultIOSystem.h">
      <Filter>ThirdParty\assimp</Filter>
    </ClInclude>
    <ClInclude Include="..\ThirdParty\assimp\include\assimp\DefaultLogger.hpp">
      <Filter>ThirdParty\assimp</Filter>
    </ClInclude>
    <ClInclude Include="..\ThirdParty\assimp\include\assimp\Defines.h">
      <Filter>ThirdParty\assimp</Filter>
    </ClInclude>
    <ClInclude Include="..\ThirdParty\assimp\include\assimp\defs.h">
      <Filter>ThirdParty\assimp</Filter>
    </ClInclude>
    <ClInclude Include="..\ThirdParty\assimp\include\assimp\Exceptional.h">
      <Filter>ThirdParty\assimp</Filter>
    </ClInclude>
    <ClInclude Include="..\ThirdParty\assimp\include\assimp\Exporter.hpp">
      <Filter>ThirdParty\assimp</Filter>
    </ClInclude>
    <ClInclude Include="..\ThirdParty\assimp\include\assimp\fast_atof.h">
      <Filter>ThirdParty\assimp</Filter>
    </ClInclude>
    <ClInclude Include="..\ThirdParty\assimp\include\assimp\GenericProperty.h">
      <Filter>ThirdParty\assimp</Filter>
    </ClInclude>
    <ClInclude Include="..\ThirdParty\assimp\include\assimp\Hash.h">
      <Filter>ThirdParty\assimp</Filter>
    </ClInclude>
    <ClInclude Include="..\ThirdParty\assimp\include\assimp\Importer.hpp">
      <Filter>ThirdParty\assimp</Filter>
    </ClInclude>
    <ClInclude Include="..\ThirdParty\assimp\include\assimp\importerdesc.h">
      <Filter>ThirdParty\assimp</Filter>
    </ClInclude>
    <ClInclude Include="..\ThirdParty\assimp\include\assimp\IOStream.hpp">
      <Filter>ThirdParty\assimp</Filter>
    </ClInclude>
    <ClInclude Include="..\ThirdParty\assimp\include\assimp\IOStreamBuffer.h">
      <Filter>ThirdParty\assimp</Filter>
    </ClInclude>
    <ClInclude Include="..\ThirdParty\assimp\include\assimp\IOSystem.hpp">
      <Filter>ThirdParty\assimp</Filter>
    </ClInclude>
    <ClInclude Include="..\ThirdParty\assimp\include\assimp\irrXMLWrapper.h">
      <Filter>ThirdParty\assimp</Filter>
    </ClInclude>
    <ClInclude Include="..\ThirdParty\assimp\include\assimp\light.h">
      <Filter>ThirdParty\assimp</Filter>
    </ClInclude>
    <ClInclude Include="..\ThirdParty\assimp\include\assimp\LineSplitter.h">
      <Filter>ThirdParty\assimp</Filter>
    </ClInclude>
    <ClInclude Include="..\ThirdParty\assimp\include\assimp\LogAux.h">
      <Filter>ThirdParty\assimp</Filter>
    </ClInclude>
    <ClInclude Include="..\ThirdParty\assimp\include\assimp\Logger.hpp">
      <Filter>ThirdParty\assimp</Filter>
    </ClInclude>
    <ClInclude Include="..\ThirdParty\assimp\include\assimp\LogStream.hpp">
      <Filter>ThirdParty\assimp</Filter>
    </ClInclude>
    <ClInclude Include="..\ThirdParty\assimp\include\assimp\Macros.h">
      <Filter>ThirdParty\assimp</Filter>
    </ClInclude>
    <ClInclude Include="..\ThirdParty\assimp\include\assimp\material.h">
      <Filter>ThirdParty\assimp</Filter>
    </ClInclude>
    <ClInclude Include="..\ThirdParty\assimp\include\assimp\MathFunctions.h">
      <Filter>ThirdParty\assimp</Filter>
    </ClInclude>
    <ClInclude Include="..\ThirdParty\assimp\include\assimp\matrix3x3.h">
      <Filter>ThirdParty\assimp</Filter>
    </ClInclude>
    <ClInclude Include="..\ThirdParty\assimp\include\assimp\matrix4x4.h">
      <Filter>ThirdParty\assimp</Filter>
    </ClInclude>
    <ClInclude Include="..\ThirdParty\assimp\include\assimp\MemoryIOWrapper.h">
      <Filter>ThirdParty\assimp</Filter>
    </ClInclude>
    <ClInclude Include="..\ThirdParty\assimp\include\assimp\mesh.h">
      <Filter>ThirdParty\assimp</Filter>
    </ClInclude>
    <ClInclude Include="..\ThirdParty\assimp\include\assimp\metadata.h">
      <Filter>ThirdParty\assimp</Filter>
    </ClInclude>
    <ClInclude Include="..\ThirdParty\assimp\include\assimp\NullLogger.hpp">
      <Filter>ThirdParty\assimp</Filter>
    </ClInclude>
    <ClInclude Include="..\ThirdParty\assimp\include\assimp\ParsingUtils.h">
      <Filter>ThirdParty\assimp</Filter>
    </ClInclude>
    <ClInclude Include="..\ThirdParty\assimp\include\assimp\pbrmaterial.h">
      <Filter>ThirdParty\assimp</Filter>
    </ClInclude>
    <ClInclude Include="..\ThirdParty\assimp\include\assimp\port\AndroidJNI\AndroidJNIIOSystem.h">
      <Filter>ThirdParty\assimp</Filter>
    </ClInclude>
    <ClInclude Include="..\ThirdParty\assimp\include\assimp\postprocess.h">
      <Filter>ThirdParty\assimp</Filter>
    </ClInclude>
    <ClInclude Include="..\ThirdParty\assimp\include\assimp\Profiler.h">
      <Filter>ThirdParty\assimp</Filter>
    </ClInclude>
    <ClInclude Include="..\ThirdParty\assimp\include\assimp\ProgressHandler.hpp">
      <Filter>ThirdParty\assimp</Filter>
    </ClInclude>
    <ClInclude Include="..\ThirdParty\assimp\include\assimp\qnan.h">
      <Filter>ThirdParty\assimp</Filter>
    </ClInclude>
    <ClInclude Include="..\ThirdParty\assimp\include\assimp\quaternion.h">
      <Filter>ThirdParty\assimp</Filter>
    </ClInclude>
    <ClInclude Include="..\ThirdParty\assimp\include\assimp\RemoveComments.h">
      <Filter>ThirdParty\assimp</Filter>
    </ClInclude>
    <ClInclude Include="..\ThirdParty\assimp\include\assimp\scene.h">
      <Filter>ThirdParty\assimp</Filter>
    </ClInclude>
    <ClInclude Include="..\ThirdParty\assimp\include\assimp\SceneCombiner.h">
      <Filter>ThirdParty\assimp</Filter>
    </ClInclude>
    <ClInclude Include="..\ThirdParty\assimp\include\assimp\SGSpatialSort.h">
      <Filter>ThirdParty\assimp</Filter>
    </ClInclude>
    <ClInclude Include="..\ThirdParty\assimp\include\assimp\SkeletonMeshBuilder.h">
      <Filter>ThirdParty\assimp</Filter>
    </ClInclude>
    <ClInclude Include="..\ThirdParty\assimp\include\assimp\SmoothingGroups.h">
      <Filter>ThirdParty\assimp</Filter>
    </ClInclude>
    <ClInclude Include="..\ThirdParty\assimp\include\assimp\SpatialSort.h">
      <Filter>ThirdParty\assimp</Filter>
    </ClInclude>
    <ClInclude Include="..\ThirdParty\assimp\include\assimp\StandardShapes.h">
      <Filter>ThirdParty\assimp</Filter>
    </ClInclude>
    <ClInclude Include="..\ThirdParty\assimp\include\assimp\StreamReader.h">
      <Filter>ThirdParty\assimp</Filter>
    </ClInclude>
    <ClInclude Include="..\ThirdParty\assimp\include\assimp\StreamWriter.h">
      <Filter>ThirdParty\assimp</Filter>
    </ClInclude>
    <ClInclude Include="..\ThirdParty\assimp\include\assimp\StringComparison.h">
      <Filter>ThirdParty\assimp</Filter>
    </ClInclude>
    <ClInclude Include="..\ThirdParty\assimp\include\assimp\StringUtils.h">
      <Filter>ThirdParty\assimp</Filter>
    </ClInclude>
    <ClInclude Include="..\ThirdParty\assimp\include\assimp\Subdivision.h">
      <Filter>ThirdParty\assimp</Filter>
    </ClInclude>
    <ClInclude Include="..\ThirdParty\assimp\include\assimp\texture.h">
      <Filter>ThirdParty\assimp</Filter>
    </ClInclude>
    <ClInclude Include="..\ThirdParty\assimp\include\assimp\TinyFormatter.h">
      <Filter>ThirdParty\assimp</Filter>
    </ClInclude>
    <ClInclude Include="..\ThirdParty\assimp\include\assimp\types.h">
      <Filter>ThirdParty\assimp</Filter>
    </ClInclude>
    <ClInclude Include="..\ThirdParty\assimp\include\assimp\vector2.h">
      <Filter>ThirdParty\assimp</Filter>
    </ClInclude>
    <ClInclude Include="..\ThirdParty\assimp\include\assimp\vector3.h">
      <Filter>ThirdParty\assimp</Filter>
    </ClInclude>
    <ClInclude Include="..\ThirdParty\assimp\include\assimp\version.h">
      <Filter>ThirdParty\assimp</Filter>
    </ClInclude>
    <ClInclude Include="..\ThirdParty\assimp\include\assimp\Vertex.h">
      <Filter>ThirdParty\assimp</Filter>
    </ClInclude>
    <ClInclude Include="..\ThirdParty\assimp\include\assimp\XMLTools.h">
      <Filter>ThirdParty\assimp</Filter>
    </ClInclude>
    <ClInclude Include="..\ThirdParty\assimp\include\assimp\ZipArchiveIOSystem.h">
      <Filter>ThirdParty\assimp</Filter>
    </ClInclude>
    <ClInclude Include="..\ThirdParty\optick\src\optick.config.h">
      <Filter>ThirdParty\optick</Filter>
    </ClInclude>
    <ClInclude Include="..\ThirdParty\optick\src\optick.h">
      <Filter>ThirdParty\optick</Filter>
    </ClInclude>
    <ClInclude Include="..\Sources\Runtime\Component\CameraComponent.h">
      <Filter>Sources\Component</Filter>
    </ClInclude>
    <ClInclude Include="..\Sources\Runtime\Component\Component.h">
      <Filter>Sources\Component</Filter>
    </ClInclude>
    <ClInclude Include="..\Sources\Runtime\Component\ComponentRegister.h">
      <Filter>Sources\Component</Filter>
    </ClInclude>
    <ClInclude Include="..\Sources\Runtime\Component\LightComponent.h">
      <Filter>Sources\Component</Filter>
    </ClInclude>
    <ClInclude Include="..\Sources\Runtime\Component\MeshRenderComponent.h">
      <Filter>Sources\Component</Filter>
    </ClInclude>
    <ClInclude Include="..\Sources\Runtime\Core\Application.h">
      <Filter>Sources\Core</Filter>
    </ClInclude>
    <ClInclude Include="..\Sources\Runtime\Core\Config.h">
      <Filter>Sources\Core</Filter>
    </ClInclude>
    <ClInclude Include="..\Sources\Runtime\Core\Context.h">
      <Filter>Sources\Core</Filter>
    </ClInclude>
    <ClInclude Include="..\Sources\Runtime\Core\CoreMinimal.h">
      <Filter>Sources\Core</Filter>
    </ClInclude>
    <ClInclude Include="..\Sources\Runtime\Core\Delegate.h">
      <Filter>Sources\Core</Filter>
    </ClInclude>
    <ClInclude Include="..\Sources\Runtime\Core\Engine.h">
      <Filter>Sources\Core</Filter>
    </ClInclude>
    <ClInclude Include="..\Sources\Runtime\Core\ImGuiHelper.h">
      <Filter>Sources\Core</Filter>
    </ClInclude>
    <ClInclude Include="..\Sources\Runtime\Core\ImGuiLayer.h">
      <Filter>Sources\Core</Filter>
    </ClInclude>
    <ClInclude Include="..\Sources\Runtime\Core\InputManager.h">
      <Filter>Sources\Core</Filter>
    </ClInclude>
    <ClInclude Include="..\Sources\Runtime\Core\Layer.h">
      <Filter>Sources\Core</Filter>
    </ClInclude>
    <ClInclude Include="..\Sources\Runtime\Core\LayerStack.h">
      <Filter>Sources\Core</Filter>
    </ClInclude>
    <ClInclude Include="..\Sources\Runtime\Core\Logger.h">
      <Filter>Sources\Core</Filter>
    </ClInclude>
    <ClInclude Include="..\Sources\Runtime\Core\SubSystem.h">
      <Filter>Sources\Core</Filter>
    </ClInclude>
    <ClInclude Include="..\Sources\Runtime\Core\Timer.h">
      <Filter>Sources\Core</Filter>
    </ClInclude>
    <ClInclude Include="..\Sources\Runtime\Core\Window.h">
      <Filter>Sources\Core</Filter>
    </ClInclude>
    <ClInclude Include="..\Sources\Runtime\GameFramework\Entity.h">
      <Filter>Sources\GameFramework</Filter>
    </ClInclude>
    <ClInclude Include="..\Sources\Runtime\GameFramework\Transform.h">
      <Filter>Sources\GameFramework</Filter>
    </ClInclude>
    <ClInclude Include="..\Sources\Runtime\GameFramework\World.h">
      <Filter>Sources\GameFramework</Filter>
    </ClInclude>
    <ClInclude Include="..\Sources\Runtime\Math\Matrix.h">
      <Filter>Sources\Math</Filter>
    </ClInclude>
    <ClInclude Include="..\Sources\Runtime\Math\Quaternion.h">
      <Filter>Sources\Math</Filter>
    </ClInclude>
    <ClInclude Include="..\Sources\Runtime\Math\Vector2.h">
      <Filter>Sources\Math</Filter>
    </ClInclude>
    <ClInclude Include="..\Sources\Runtime\Math\Vector3.h">
      <Filter>Sources\Math</Filter>
    </ClInclude>
    <ClInclude Include="..\Sources\Runtime\Math\Vector4.h">
      <Filter>Sources\Math</Filter>
    </ClInclude>
    <ClInclude Include="..\Sources\Runtime\Math\Vertex.h">
      <Filter>Sources\Math</Filter>
    </ClInclude>
    <ClInclude Include="..\Sources\Runtime\MT\ThreadPool.h">
      <Filter>Sources\MT</Filter>
    </ClInclude>
    <ClInclude Include="..\Sources\Runtime\Rendering\RendererDX11.h">
      <Filter>Sources\Rendering</Filter>
    </ClInclude>
    <ClInclude Include="..\Sources\Runtime\Rendering\RenderingCore.h">
      <Filter>Sources\Rendering</Filter>
    </ClInclude>
    <ClInclude Include="..\Sources\Runtime\Rendering\RenderingPass.h">
      <Filter>Sources\Rendering</Filter>
    </ClInclude>
    <ClInclude Include="..\Sources\Runtime\Rendering\RenderObject.h">
      <Filter>Sources\Rendering</Filter>
    </ClInclude>
    <ClInclude Include="..\Sources\Runtime\Rendering\AmbientEmissivePass.h">
      <Filter>Sources\Rendering\RenderPasses</Filter>
    </ClInclude>
    <ClInclude Include="..\Sources\Runtime\Rendering\BlendingPass.h">
      <Filter>Sources\Rendering\RenderPasses</Filter>
    </ClInclude>
    <ClInclude Include="..\Sources\Runtime\Rendering\BoxBloomPass.h">
      <Filter>Sources\Rendering\RenderPasses</Filter>
    </ClInclude>
    <ClInclude Include="..\Sources\Runtime\Rendering\ConvertGBufferToViewPass.h">
      <Filter>Sources\Rendering\RenderPasses</Filter>
    </ClInclude>
    <ClInclude Include="..\Sources\Runtime\Rendering\Equirect2CubemapPass.h">
      <Filter>Sources\Rendering\RenderPasses</Filter>
    </ClInclude>
    <ClInclude Include="..\Sources\Runtime\Rendering\ExtractBrightnessPass.h">
      <Filter>Sources\Rendering\RenderPasses</Filter>
    </ClInclude>
    <ClInclude Include="..\Sources\Runtime\Rendering\GaussianBlurPass.h">
      <Filter>Sources\Rendering\RenderPasses</Filter>
    </ClInclude>
    <ClInclude Include="..\Sources\Runtime\Rendering\GeometryPass.h">
      <Filter>Sources\Rendering\RenderPasses</Filter>
    </ClInclude>
    <ClInclude Include="..\Sources\Runtime\Rendering\IntegrateBRDFPass.h">
      <Filter>Sources\Rendering\RenderPasses</Filter>
    </ClInclude>
    <ClInclude Include="..\Sources\Runtime\Rendering\IrradianceConvPass.h">
      <Filter>Sources\Rendering\RenderPasses</Filter>
    </ClInclude>
    <ClInclude Include="..\Sources\Runtime\Rendering\LightingPass.h">
      <Filter>Sources\Rendering\RenderPasses</Filter>
    </ClInclude>
    <ClInclude Include="..\Sources\Runtime\Rendering\ToneMappingPass.h">
      <Filter>Sources\Rendering\RenderPasses</Filter>
    </ClInclude>
    <ClInclude Include="..\Sources\Runtime\Rendering\SkyboxPass.h">
      <Filter>Sources\Rendering\RenderPasses</Filter>
    </ClInclude>
    <ClInclude Include="..\Sources\Runtime\Rendering\SSAOBlurPass.h">
      <Filter>Sources\Rendering\RenderPasses</Filter>
    </ClInclude>
    <ClInclude Include="..\Sources\Runtime\Rendering\SSAOPass.h">
      <Filter>Sources\Rendering\RenderPasses</Filter>
    </ClInclude>
    <ClInclude Include="..\Sources\Runtime\Rendering\BufferDX11.h">
      <Filter>Sources\Rendering\Resources</Filter>
    </ClInclude>
    <ClInclude Include="..\Sources\Runtime\Rendering\ConstantBufferDX11.h">
      <Filter>Sources\Rendering\Resources</Filter>
    </ClInclude>
    <ClInclude Include="..\Sources\Runtime\Rendering\Cube.h">
      <Filter>Sources\Rendering\Resources</Filter>
    </ClInclude>
    <ClInclude Include="..\Sources\Runtime\Rendering\DepthStencilBufferDX11.h">
      <Filter>Sources\Rendering\Resources</Filter>
    </ClInclude>
    <ClInclude Include="..\Sources\Runtime\Rendering\DynamicCubemap.h">
      <Filter>Sources\Rendering\Resources</Filter>
    </ClInclude>
    <ClInclude Include="..\Sources\Runtime\Rendering\GBuffer.h">
      <Filter>Sources\Rendering\Resources</Filter>
    </ClInclude>
    <ClInclude Include="..\Sources\Runtime\Rendering\IndexBufferDX11.h">
      <Filter>Sources\Rendering\Resources</Filter>
    </ClInclude>
    <ClInclude Include="..\Sources\Runtime\Rendering\InputLayoutDX11.h">
      <Filter>Sources\Rendering\Resources</Filter>
    </ClInclude>
    <ClInclude Include="..\Sources\Runtime\Rendering\Mesh.h">
      <Filter>Sources\Rendering\Resources</Filter>
    </ClInclude>
    <ClInclude Include="..\Sources\Runtime\Rendering\Quad.h">
      <Filter>Sources\Rendering\Resources</Filter>
    </ClInclude>
    <ClInclude Include="..\Sources\Runtime\Rendering\PixelShaderDX11.h">
      <Filter>Sources\Rendering\Resources</Filter>
    </ClInclude>
    <ClInclude Include="..\Sources\Runtime\Rendering\RenderTargetDX11.h">
      <Filter>Sources\Rendering\Resources</Filter>
    </ClInclude>
    <ClInclude Include="..\Sources\Runtime\Rendering\ResourceDX11.h">
      <Filter>Sources\Rendering\Resources</Filter>
    </ClInclude>
    <ClInclude Include="..\Sources\Runtime\Rendering\SamplerDX11.h">
      <Filter>Sources\Rendering\Resources</Filter>
    </ClInclude>
    <ClInclude Include="..\Sources\Runtime\Rendering\ShaderDX11.h">
      <Filter>Sources\Rendering\Resources</Filter>
    </ClInclude>
    <ClInclude Include="..\Sources\Runtime\Rendering\Texture2DBaseDX11.h">
      <Filter>Sources\Rendering\Resources</Filter>
    </ClInclude>
    <ClInclude Include="..\Sources\Runtime\Rendering\Texture2dDX11.h">
      <Filter>Sources\Rendering\Resources</Filter>
    </ClInclude>
    <ClInclude Include="..\Sources\Runtime\Rendering\VertexBufferDX11.h">
      <Filter>Sources\Rendering\Resources</Filter>
    </ClInclude>
    <ClInclude Include="..\Sources\Runtime\Rendering\VertexShaderDX11.h">
      <Filter>Sources\Rendering\Resources</Filter>
    </ClInclude>
    <ClInclude Include="..\Sources\Runtime\Rendering\PrefilteringPass.h">
      <Filter>Sources\Rendering\RenderPasses</Filter>
    </ClInclude>
    <ClInclude Include="..\Sources\Runtime\Rendering\Viewport.h">
      <Filter>Sources\Rendering\States</Filter>
    </ClInclude>
    <ClInclude Include="..\Sources\Runtime\Rendering\RasterizerState.h">
      <Filter>Sources\Rendering\States</Filter>
    </ClInclude>
    <ClInclude Include="..\Sources\Runtime\Rendering\DepthStencilState.h">
      <Filter>Sources\Rendering\States</Filter>
    </ClInclude>
    <ClInclude Include="..\Sources\Runtime\Rendering\BlendState.h">
      <Filter>Sources\Rendering\States</Filter>
    </ClInclude>
    <ClInclude Include="..\Sources\Runtime\Resource\Resource.h">
      <Filter>Sources\Resource</Filter>
    </ClInclude>
    <ClInclude Include="..\Sources\Runtime\Resource\ResourceCache.h">
      <Filter>Sources\Resource</Filter>
    </ClInclude>
    <ClInclude Include="..\Sources\Runtime\Resource\ResourceManager.h">
      <Filter>Sources\Resource</Filter>
    </ClInclude>
    <ClInclude Include="..\Sources\Runtime\Resource\TextureLoader.h">
      <Filter>Sources\Resource\Loader</Filter>
    </ClInclude>
    <ClInclude Include="..\Sources\Runtime\Resource\ModelLoader.h">
      <Filter>Sources\Resource\Loader</Filter>
    </ClInclude>
    <ClInclude Include="..\Sources\Runtime\Resource\Material.h">
      <Filter>Sources\Resource\Resources</Filter>
    </ClInclude>
    <ClInclude Include="..\Sources\Runtime\Resource\Model.h">
      <Filter>Sources\Resource\Resources</Filter>
    </ClInclude>
    <ClInclude Include="..\Sources\Runtime\Resource\PlainText.h">
      <Filter>Sources\Resource\Resources</Filter>
    </ClInclude>
    <ClInclude Include="..\Sources\Runtime\Resource\RenderTexture.h">
      <Filter>Sources\Resource\Resources</Filter>
    </ClInclude>
    <ClInclude Include="..\Sources\Runtime\Resource\Texture2D.h">
      <Filter>Sources\Resource\Resources</Filter>
    </ClInclude>
    <ClInclude Include="..\Sources\Runtime\Math\MathMinimal.h">
      <Filter>Sources\Math</Filter>
    </ClInclude>
    <ClInclude Include="..\Sources\Runtime\Math\MathCore.h">
      <Filter>Sources\Math</Filter>
    </ClInclude>
    <ClInclude Include="..\ThirdParty\imgui_lib\include\imgui_impl_dx11.h">
      <Filter>ThirdParty\imgui</Filter>
    </ClInclude>
    <ClInclude Include="..\ThirdParty\imgui_lib\include\imgui_impl_win32.h">
      <Filter>ThirdParty\imgui</Filter>
    </ClInclude>
    <ClInclude Include="..\ThirdParty\imgui_lib\include\imgui_internal.h">
      <Filter>ThirdParty\imgui</Filter>
    </ClInclude>
    <ClInclude Include="..\ThirdParty\imgui_lib\include\imstb_rectpack.h">
      <Filter>ThirdParty\imgui</Filter>
    </ClInclude>
    <ClInclude Include="..\ThirdParty\imgui_lib\include\imstb_textedit.h">
      <Filter>ThirdParty\imgui</Filter>
    </ClInclude>
    <ClInclude Include="..\ThirdParty\imgui_lib\include\imstb_truetype.h">
      <Filter>ThirdParty\imgui</Filter>
    </ClInclude>
    <ClInclude Include="..\ThirdParty\imgui_lib\include\imconfig.h">
      <Filter>ThirdParty\imgui</Filter>
    </ClInclude>
    <ClInclude Include="..\ThirdParty\imgui_lib\include\imgui.h">
      <Filter>ThirdParty\imgui</Filter>
    </ClInclude>
    <ClInclude Include="..\Sources\Runtime\Elaina\RenderPassBuilder.h">
      <Filter>Sources\Elaina</Filter>
    </ClInclude>
    <ClInclude Include="..\Sources\Runtime\Elaina\CallbackRenderPass.h">
      <Filter>Sources\Elaina</Filter>
    </ClInclude>
    <ClInclude Include="..\Sources\Runtime\Elaina\Elaina.config.h">
      <Filter>Sources\Elaina</Filter>
    </ClInclude>
    <ClInclude Include="..\Sources\Runtime\Elaina\FrameGraph.h">
      <Filter>Sources\Elaina</Filter>
    </ClInclude>
    <ClInclude Include="..\Sources\Runtime\Elaina\FrameResource.h">
      <Filter>Sources\Elaina</Filter>
    </ClInclude>
    <ClInclude Include="..\Sources\Runtime\Elaina\Realize.h">
      <Filter>Sources\Elaina</Filter>
    </ClInclude>
    <ClInclude Include="..\Sources\Runtime\Elaina\RenderPass.h">
      <Filter>Sources\Elaina</Filter>
    </ClInclude>
    <ClInclude Include="..\Sources\Runtime\Experimental\Renderer.h">
      <Filter>Sources\Experimental</Filter>
    </ClInclude>
  </ItemGroup>
  <ItemGroup>
    <ClCompile Include="..\Sources\Runtime\Component\CameraComponent.cpp">
      <Filter>Sources\Component</Filter>
    </ClCompile>
    <ClCompile Include="..\Sources\Runtime\Component\Component.cpp">
      <Filter>Sources\Component</Filter>
    </ClCompile>
    <ClCompile Include="..\Sources\Runtime\Component\ComponentRegister.cpp">
      <Filter>Sources\Component</Filter>
    </ClCompile>
    <ClCompile Include="..\Sources\Runtime\Component\LightComponent.cpp">
      <Filter>Sources\Component</Filter>
    </ClCompile>
    <ClCompile Include="..\Sources\Runtime\Component\MeshRenderComponent.cpp">
      <Filter>Sources\Component</Filter>
    </ClCompile>
    <ClCompile Include="..\Sources\Runtime\Core\Application.cpp">
      <Filter>Sources\Core</Filter>
    </ClCompile>
    <ClCompile Include="..\Sources\Runtime\Core\Config.cpp">
      <Filter>Sources\Core</Filter>
    </ClCompile>
    <ClCompile Include="..\Sources\Runtime\Core\Context.cpp">
      <Filter>Sources\Core</Filter>
    </ClCompile>
    <ClCompile Include="..\Sources\Runtime\Core\Delegate.cpp">
      <Filter>Sources\Core</Filter>
    </ClCompile>
    <ClCompile Include="..\Sources\Runtime\Core\Engine.cpp">
      <Filter>Sources\Core</Filter>
    </ClCompile>
    <ClCompile Include="..\Sources\Runtime\Core\ImGuiLayer.cpp">
      <Filter>Sources\Core</Filter>
    </ClCompile>
    <ClCompile Include="..\Sources\Runtime\Core\InputManager.cpp">
      <Filter>Sources\Core</Filter>
    </ClCompile>
    <ClCompile Include="..\Sources\Runtime\Core\Layer.cpp">
      <Filter>Sources\Core</Filter>
    </ClCompile>
    <ClCompile Include="..\Sources\Runtime\Core\LayerStack.cpp">
      <Filter>Sources\Core</Filter>
    </ClCompile>
    <ClCompile Include="..\Sources\Runtime\Core\Logger.cpp">
      <Filter>Sources\Core</Filter>
    </ClCompile>
    <ClCompile Include="..\Sources\Runtime\Core\SubSystem.cpp">
      <Filter>Sources\Core</Filter>
    </ClCompile>
    <ClCompile Include="..\Sources\Runtime\Core\Timer.cpp">
      <Filter>Sources\Core</Filter>
    </ClCompile>
    <ClCompile Include="..\Sources\Runtime\Core\Window.cpp">
      <Filter>Sources\Core</Filter>
    </ClCompile>
    <ClCompile Include="..\Sources\Runtime\GameFramework\Entity.cpp">
      <Filter>Sources\GameFramework</Filter>
    </ClCompile>
    <ClCompile Include="..\Sources\Runtime\GameFramework\Transform.cpp">
      <Filter>Sources\GameFramework</Filter>
    </ClCompile>
    <ClCompile Include="..\Sources\Runtime\GameFramework\World.cpp">
      <Filter>Sources\GameFramework</Filter>
    </ClCompile>
    <ClCompile Include="..\Sources\Runtime\Math\Vector3.cpp">
      <Filter>Sources\Math</Filter>
    </ClCompile>
    <ClCompile Include="..\Sources\Runtime\Math\Vector4.cpp">
      <Filter>Sources\Math</Filter>
    </ClCompile>
    <ClCompile Include="..\Sources\Runtime\Math\Matrix.cpp">
      <Filter>Sources\Math</Filter>
    </ClCompile>
    <ClCompile Include="..\Sources\Runtime\MT\ThreadPool.cpp">
      <Filter>Sources\MT</Filter>
    </ClCompile>
    <ClCompile Include="..\Sources\Runtime\Rendering\RendererDX11.cpp">
      <Filter>Sources\Rendering</Filter>
    </ClCompile>
    <ClCompile Include="..\Sources\Runtime\Rendering\RenderingPass.cpp">
      <Filter>Sources\Rendering</Filter>
    </ClCompile>
    <ClCompile Include="..\Sources\Runtime\Rendering\RenderObject.cpp">
      <Filter>Sources\Rendering</Filter>
    </ClCompile>
    <ClCompile Include="..\Sources\Runtime\Rendering\AmbientEmissivePass.cpp">
      <Filter>Sources\Rendering\RenderPasses</Filter>
    </ClCompile>
    <ClCompile Include="..\Sources\Runtime\Rendering\BlendingPass.cpp">
      <Filter>Sources\Rendering\RenderPasses</Filter>
    </ClCompile>
    <ClCompile Include="..\Sources\Runtime\Rendering\BoxBloomPass.cpp">
      <Filter>Sources\Rendering\RenderPasses</Filter>
    </ClCompile>
    <ClCompile Include="..\Sources\Runtime\Rendering\ConvertGBufferToViewPass.cpp">
      <Filter>Sources\Rendering\RenderPasses</Filter>
    </ClCompile>
    <ClCompile Include="..\Sources\Runtime\Rendering\Equirect2CubemapPass.cpp">
      <Filter>Sources\Rendering\RenderPasses</Filter>
    </ClCompile>
    <ClCompile Include="..\Sources\Runtime\Rendering\ExtractBrightnessPass.cpp">
      <Filter>Sources\Rendering\RenderPasses</Filter>
    </ClCompile>
    <ClCompile Include="..\Sources\Runtime\Rendering\GaussianBlurPass.cpp">
      <Filter>Sources\Rendering\RenderPasses</Filter>
    </ClCompile>
    <ClCompile Include="..\Sources\Runtime\Rendering\GeometryPass.cpp">
      <Filter>Sources\Rendering\RenderPasses</Filter>
    </ClCompile>
    <ClCompile Include="..\Sources\Runtime\Rendering\IntegrateBRDFPass.cpp">
      <Filter>Sources\Rendering\RenderPasses</Filter>
    </ClCompile>
    <ClCompile Include="..\Sources\Runtime\Rendering\IrradianceConvPass.cpp">
      <Filter>Sources\Rendering\RenderPasses</Filter>
    </ClCompile>
    <ClCompile Include="..\Sources\Runtime\Rendering\LightingPass.cpp">
      <Filter>Sources\Rendering\RenderPasses</Filter>
    </ClCompile>
    <ClCompile Include="..\Sources\Runtime\Rendering\ToneMappingPass.cpp">
      <Filter>Sources\Rendering\RenderPasses</Filter>
    </ClCompile>
    <ClCompile Include="..\Sources\Runtime\Rendering\SSAOBlurPass.cpp">
      <Filter>Sources\Rendering\RenderPasses</Filter>
    </ClCompile>
    <ClCompile Include="..\Sources\Runtime\Rendering\SkyboxPass.cpp">
      <Filter>Sources\Rendering\RenderPasses</Filter>
    </ClCompile>
    <ClCompile Include="..\Sources\Runtime\Rendering\SSAOPass.cpp">
      <Filter>Sources\Rendering\RenderPasses</Filter>
    </ClCompile>
    <ClCompile Include="..\Sources\Runtime\Rendering\BufferDX11.cpp">
      <Filter>Sources\Rendering\Resources</Filter>
    </ClCompile>
    <ClCompile Include="..\Sources\Runtime\Rendering\ConstantBufferDX11.cpp">
      <Filter>Sources\Rendering\Resources</Filter>
    </ClCompile>
    <ClCompile Include="..\Sources\Runtime\Rendering\Cube.cpp">
      <Filter>Sources\Rendering\Resources</Filter>
    </ClCompile>
    <ClCompile Include="..\Sources\Runtime\Rendering\DepthStencilBufferDX11.cpp">
      <Filter>Sources\Rendering\Resources</Filter>
    </ClCompile>
    <ClCompile Include="..\Sources\Runtime\Rendering\GBuffer.cpp">
      <Filter>Sources\Rendering\Resources</Filter>
    </ClCompile>
    <ClCompile Include="..\Sources\Runtime\Rendering\IndexBufferDX11.cpp">
      <Filter>Sources\Rendering\Resources</Filter>
    </ClCompile>
    <ClCompile Include="..\Sources\Runtime\Rendering\InputLayoutDX11.cpp">
      <Filter>Sources\Rendering\Resources</Filter>
    </ClCompile>
    <ClCompile Include="..\Sources\Runtime\Rendering\Mesh.cpp">
      <Filter>Sources\Rendering\Resources</Filter>
    </ClCompile>
    <ClCompile Include="..\Sources\Runtime\Rendering\Quad.cpp">
      <Filter>Sources\Rendering\Resources</Filter>
    </ClCompile>
    <ClCompile Include="..\Sources\Runtime\Rendering\PixelShaderDX11.cpp">
      <Filter>Sources\Rendering\Resources</Filter>
    </ClCompile>
    <ClCompile Include="..\Sources\Runtime\Rendering\RenderTargetDX11.cpp">
      <Filter>Sources\Rendering\Resources</Filter>
    </ClCompile>
    <ClCompile Include="..\Sources\Runtime\Rendering\SamplerDX11.cpp">
      <Filter>Sources\Rendering\Resources</Filter>
    </ClCompile>
    <ClCompile Include="..\Sources\Runtime\Rendering\ShaderDX11.cpp">
      <Filter>Sources\Rendering\Resources</Filter>
    </ClCompile>
    <ClCompile Include="..\Sources\Runtime\Rendering\Texture2DBaseDX11.cpp">
      <Filter>Sources\Rendering\Resources</Filter>
    </ClCompile>
    <ClCompile Include="..\Sources\Runtime\Rendering\Texture2dDX11.cpp">
      <Filter>Sources\Rendering\Resources</Filter>
    </ClCompile>
    <ClCompile Include="..\Sources\Runtime\Rendering\VertexBufferDX11.cpp">
      <Filter>Sources\Rendering\Resources</Filter>
    </ClCompile>
    <ClCompile Include="..\Sources\Runtime\Rendering\VertexShaderDX11.cpp">
      <Filter>Sources\Rendering\Resources</Filter>
    </ClCompile>
    <ClCompile Include="..\Sources\Runtime\Rendering\PrefilteringPass.cpp">
      <Filter>Sources\Rendering\RenderPasses</Filter>
    </ClCompile>
    <ClCompile Include="..\Sources\Runtime\Rendering\Viewport.cpp">
      <Filter>Sources\Rendering\States</Filter>
    </ClCompile>
    <ClCompile Include="..\Sources\Runtime\Rendering\RasterizerState.cpp">
      <Filter>Sources\Rendering\States</Filter>
    </ClCompile>
    <ClCompile Include="..\Sources\Runtime\Rendering\DepthStencilState.cpp">
      <Filter>Sources\Rendering\States</Filter>
    </ClCompile>
    <ClCompile Include="..\Sources\Runtime\Rendering\BlendState.cpp">
      <Filter>Sources\Rendering\States</Filter>
    </ClCompile>
    <ClCompile Include="..\Sources\Runtime\Resource\Resource.cpp">
      <Filter>Sources\Resource</Filter>
    </ClCompile>
    <ClCompile Include="..\Sources\Runtime\Resource\ResourceCache.cpp">
      <Filter>Sources\Resource</Filter>
    </ClCompile>
    <ClCompile Include="..\Sources\Runtime\Resource\ResourceManager.cpp">
      <Filter>Sources\Resource</Filter>
    </ClCompile>
    <ClCompile Include="..\Sources\Runtime\Rendering\DynamicCubemap.cpp">
      <Filter>Sources\Rendering\Resources</Filter>
    </ClCompile>
    <ClCompile Include="..\Sources\Runtime\Resource\TextureLoader.cpp">
      <Filter>Sources\Resource\Loader</Filter>
    </ClCompile>
    <ClCompile Include="..\Sources\Runtime\Resource\ModelLoader.cpp">
      <Filter>Sources\Resource\Loader</Filter>
    </ClCompile>
    <ClCompile Include="..\Sources\Runtime\Resource\Material.cpp">
      <Filter>Sources\Resource\Resources</Filter>
    </ClCompile>
    <ClCompile Include="..\Sources\Runtime\Resource\Model.cpp">
      <Filter>Sources\Resource\Resources</Filter>
    </ClCompile>
    <ClCompile Include="..\Sources\Runtime\Resource\PlainText.cpp">
      <Filter>Sources\Resource\Resources</Filter>
    </ClCompile>
    <ClCompile Include="..\Sources\Runtime\Resource\RenderTexture.cpp">
      <Filter>Sources\Resource\Resources</Filter>
    </ClCompile>
    <ClCompile Include="..\Sources\Runtime\Resource\Texture2D.cpp">
      <Filter>Sources\Resource\Resources</Filter>
    </ClCompile>
    <ClCompile Include="..\ThirdParty\imgui_lib\include\imgui_impl_win32.cpp">
      <Filter>ThirdParty\imgui</Filter>
    </ClCompile>
    <ClCompile Include="..\ThirdParty\imgui_lib\include\imgui_tables.cpp">
      <Filter>ThirdParty\imgui</Filter>
    </ClCompile>
    <ClCompile Include="..\ThirdParty\imgui_lib\include\imgui_widgets.cpp">
      <Filter>ThirdParty\imgui</Filter>
    </ClCompile>
    <ClCompile Include="..\ThirdParty\imgui_lib\include\imgui.cpp">
      <Filter>ThirdParty\imgui</Filter>
    </ClCompile>
    <ClCompile Include="..\ThirdParty\imgui_lib\include\imgui_demo.cpp">
      <Filter>ThirdParty\imgui</Filter>
    </ClCompile>
    <ClCompile Include="..\ThirdParty\imgui_lib\include\imgui_draw.cpp">
      <Filter>ThirdParty\imgui</Filter>
    </ClCompile>
    <ClCompile Include="..\ThirdParty\imgui_lib\include\imgui_impl_dx11.cpp">
      <Filter>ThirdParty\imgui</Filter>
    </ClCompile>
    <ClCompile Include="..\Sources\Runtime\Experimental\Renderer.cpp">
      <Filter>Sources\Experimental</Filter>
    </ClCompile>
  </ItemGroup>
  <ItemGroup>
    <FxCompile Include="Contents\Shaders\LightingPass.hlsl">
      <Filter>Shaders\PBS</Filter>
    </FxCompile>
    <FxCompile Include="Contents\Shaders\GeometryPass.hlsl">
      <Filter>Shaders\PBS</Filter>
    </FxCompile>
    <FxCompile Include="Contents\Shaders\LightBuffer.hlsl">
      <Filter>Shaders\Light-Pre Pass</Filter>
    </FxCompile>
    <FxCompile Include="Contents\Shaders\Shading.hlsl">
      <Filter>Shaders\Light-Pre Pass</Filter>
    </FxCompile>
    <FxCompile Include="Contents\Shaders\CheckerBoardInterpolate.hlsl">
      <Filter>Shaders\Light-Pre Pass</Filter>
    </FxCompile>
    <FxCompile Include="Contents\Shaders\Equirectangular2Cube.hlsl">
      <Filter>Shaders\PBS</Filter>
    </FxCompile>
    <FxCompile Include="Contents\Shaders\SkyboxPass.hlsl">
      <Filter>Shaders</Filter>
    </FxCompile>
    <FxCompile Include="Contents\Shaders\IrradianceConvolution.hlsl">
      <Filter>Shaders\PBS</Filter>
    </FxCompile>
    <FxCompile Include="Contents\Shaders\ToneMapping.hlsl">
      <Filter>Shaders\Post-Process</Filter>
    </FxCompile>
    <FxCompile Include="Contents\Shaders\Prefiltering.hlsl">
      <Filter>Shaders\PBS</Filter>
    </FxCompile>
    <FxCompile Include="Contents\Shaders\IntegrateBRDF.hlsl">
      <Filter>Shaders\PBS</Filter>
    </FxCompile>
    <FxCompile Include="Contents\Shaders\Blending.hlsl">
      <Filter>Shaders\Post-Process</Filter>
    </FxCompile>
    <FxCompile Include="Contents\Shaders\BoxBloom.hlsl">
      <Filter>Shaders\Post-Process</Filter>
    </FxCompile>
    <FxCompile Include="Contents\Shaders\GaussianBlur.hlsl">
      <Filter>Shaders\Post-Process</Filter>
    </FxCompile>
    <FxCompile Include="Contents\Shaders\ExtractBrightness.hlsl">
      <Filter>Shaders\Post-Process</Filter>
    </FxCompile>
    <FxCompile Include="Contents\Shaders\GBuffer.hlsl">
      <Filter>Shaders\Light-Pre Pass</Filter>
    </FxCompile>
    <FxCompile Include="Contents\Shaders\SSAO.hlsl">
      <Filter>Shaders\Post-Process</Filter>
    </FxCompile>
    <FxCompile Include="Contents\Shaders\SSAOBlur.hlsl">
      <Filter>Shaders\Post-Process</Filter>
    </FxCompile>
    <FxCompile Include="Contents\Shaders\ViewSpaceGBuffer.hlsl">
      <Filter>Shaders\Post-Process</Filter>
    </FxCompile>
    <FxCompile Include="Contents\Shaders\AmbientEmissivePass.hlsl">
      <Filter>Shaders\Post-Process</Filter>
    </FxCompile>
  </ItemGroup>
  <ItemGroup>
    <None Include="..\ThirdParty\assimp\include\assimp\color4.inl">
      <Filter>ThirdParty\assimp</Filter>
    </None>
    <None Include="..\ThirdParty\assimp\include\assimp\material.inl">
      <Filter>ThirdParty\assimp</Filter>
    </None>
    <None Include="..\ThirdParty\assimp\include\assimp\matrix3x3.inl">
      <Filter>ThirdParty\assimp</Filter>
    </None>
    <None Include="..\ThirdParty\assimp\include\assimp\matrix4x4.inl">
      <Filter>ThirdParty\assimp</Filter>
    </None>
    <None Include="..\ThirdParty\assimp\include\assimp\quaternion.inl">
      <Filter>ThirdParty\assimp</Filter>
    </None>
    <None Include="..\ThirdParty\assimp\include\assimp\SmoothingGroups.inl">
      <Filter>ThirdParty\assimp</Filter>
    </None>
    <None Include="..\ThirdParty\assimp\include\assimp\vector2.inl">
      <Filter>ThirdParty\assimp</Filter>
    </None>
    <None Include="..\ThirdParty\assimp\include\assimp\vector3.inl">
      <Filter>ThirdParty\assimp</Filter>
    </None>
    <None Include="Contents\Shaders\Common.hlsli">
      <Filter>Shaders</Filter>
    </None>
    <None Include="Contents\Shaders\BRDFs.hlsli">
      <Filter>Shaders\PBS</Filter>
    </None>
  </ItemGroup>
</Project>