<?xml version="1.0" encoding="utf-8"?>
<Project ToolsVersion="4.0" xmlns="http://schemas.microsoft.com/developer/msbuild/2003">
  <ItemGroup>
    <Filter Include="Core">
      <UniqueIdentifier>{5cfaab77-c9fe-42bd-aa80-f722eb33613d}</UniqueIdentifier>
    </Filter>
    <Filter Include="Math">
      <UniqueIdentifier>{de67a36c-e7a7-4d56-84cb-2ec42365dc82}</UniqueIdentifier>
    </Filter>
    <Filter Include="Components">
      <UniqueIdentifier>{5a159d47-a33e-434f-b54b-8bd8ca48aa49}</UniqueIdentifier>
    </Filter>
    <Filter Include="Rendering">
      <UniqueIdentifier>{d1f9d1d8-950f-421a-a286-64300b2e45ea}</UniqueIdentifier>
    </Filter>
    <Filter Include="EventSystem">
      <UniqueIdentifier>{41ebf61a-c65f-4cdf-b618-787f880bcbee}</UniqueIdentifier>
    </Filter>
    <Filter Include="Resource">
      <UniqueIdentifier>{c009a5a2-f10c-4e42-b419-f6dd1a3087ae}</UniqueIdentifier>
    </Filter>
    <Filter Include="Rendering\Buffer">
      <UniqueIdentifier>{39cf7b4e-c6cf-4245-aece-4c33c6a97d20}</UniqueIdentifier>
    </Filter>
    <Filter Include="Rendering\Texture">
      <UniqueIdentifier>{3cb3f96e-3de6-4787-8dcf-9fb3a400d637}</UniqueIdentifier>
    </Filter>
    <Filter Include="ThirdParty">
      <UniqueIdentifier>{5406f72d-f47b-4710-88b6-111d3153388c}</UniqueIdentifier>
    </Filter>
    <Filter Include="ThirdParty\json">
      <UniqueIdentifier>{058221c6-d62e-4c78-899f-32d2a0c45c1f}</UniqueIdentifier>
    </Filter>
  </ItemGroup>
  <ItemGroup>
    <ClInclude Include="..\Runtime\Core\Context.h">
      <Filter>Core</Filter>
    </ClInclude>
    <ClInclude Include="..\Runtime\Core\SubSystem.h">
      <Filter>Core</Filter>
    </ClInclude>
    <ClInclude Include="..\Runtime\Core\Helper.h">
      <Filter>Core</Filter>
    </ClInclude>
    <ClInclude Include="..\Runtime\Core\Engine.h">
      <Filter>Core</Filter>
    </ClInclude>
    <ClInclude Include="..\Runtime\Component\Component.h">
      <Filter>Components</Filter>
    </ClInclude>
    <ClInclude Include="..\Runtime\Core\Entity.h">
      <Filter>Core</Filter>
    </ClInclude>
    <ClInclude Include="..\Runtime\Core\World.h">
      <Filter>Core</Filter>
    </ClInclude>
    <ClInclude Include="..\Runtime\Resource\Resource.h">
      <Filter>Resource</Filter>
    </ClInclude>
    <ClInclude Include="..\Runtime\Resource\ResourceManager.h">
      <Filter>Resource</Filter>
    </ClInclude>
    <ClInclude Include="..\Runtime\Resource\ResourceCache.h">
      <Filter>Resource</Filter>
    </ClInclude>
    <ClInclude Include="..\Runtime\Math\Vector3.h">
      <Filter>Math</Filter>
    </ClInclude>
    <ClInclude Include="..\Runtime\Math\Vector4.h">
      <Filter>Math</Filter>
    </ClInclude>
    <ClInclude Include="..\Runtime\Math\Matrix.h">
      <Filter>Math</Filter>
    </ClInclude>
    <ClInclude Include="..\Runtime\Rendering\ResourceDX11.h">
      <Filter>Rendering</Filter>
    </ClInclude>
    <ClInclude Include="..\Runtime\Math\Math.h">
      <Filter>Math</Filter>
    </ClInclude>
    <ClInclude Include="..\Runtime\Rendering\BufferDX11.h">
      <Filter>Rendering\Buffer</Filter>
    </ClInclude>
    <ClInclude Include="..\Runtime\Rendering\IndexBufferDX11.h">
      <Filter>Rendering\Buffer</Filter>
    </ClInclude>
    <ClInclude Include="..\Runtime\Rendering\VertexBufferDX11.h">
      <Filter>Rendering\Buffer</Filter>
    </ClInclude>
    <ClInclude Include="..\Runtime\Rendering\ConstantBufferDX11.h">
      <Filter>Rendering\Buffer</Filter>
    </ClInclude>
    <ClInclude Include="..\Runtime\Rendering\RendererDX11.h">
      <Filter>Rendering</Filter>
    </ClInclude>
    <ClInclude Include="..\Runtime\Core\Window.h">
      <Filter>Core</Filter>
    </ClInclude>
    <ClInclude Include="..\Runtime\Core\Config.h">
      <Filter>Core</Filter>
    </ClInclude>
    <ClInclude Include="..\ThirdParty\json\src\json.hpp">
      <Filter>ThirdParty\json</Filter>
    </ClInclude>
    <ClInclude Include="..\Runtime\Resource\PlainText.h">
      <Filter>Resource</Filter>
    </ClInclude>
  </ItemGroup>
  <ItemGroup>
    <ClCompile Include="..\Runtime\Core\Context.cpp">
      <Filter>Core</Filter>
    </ClCompile>
    <ClCompile Include="..\Runtime\Core\SubSystem.cpp">
      <Filter>Core</Filter>
    </ClCompile>
    <ClCompile Include="..\Runtime\Core\Engine.cpp">
      <Filter>Core</Filter>
    </ClCompile>
    <ClCompile Include="..\Runtime\Core\Entity.cpp">
      <Filter>Core</Filter>
    </ClCompile>
    <ClCompile Include="..\Runtime\Core\World.cpp">
      <Filter>Core</Filter>
    </ClCompile>
    <ClCompile Include="..\Runtime\Component\Component.cpp">
      <Filter>Components</Filter>
    </ClCompile>
    <ClCompile Include="..\Runtime\Resource\Resource.cpp">
      <Filter>Resource</Filter>
    </ClCompile>
    <ClCompile Include="..\Runtime\Resource\ResourceManager.cpp">
      <Filter>Resource</Filter>
    </ClCompile>
    <ClCompile Include="..\Runtime\Resource\ResourceCache.cpp">
      <Filter>Resource</Filter>
    </ClCompile>
    <ClCompile Include="..\Runtime\Math\Vector3.cpp">
      <Filter>Math</Filter>
    </ClCompile>
    <ClCompile Include="..\Runtime\Math\Vector4.cpp">
      <Filter>Math</Filter>
    </ClCompile>
    <ClCompile Include="..\Runtime\Math\Matrix.cpp">
      <Filter>Math</Filter>
    </ClCompile>
    <ClCompile Include="..\Runtime\Rendering\BufferDX11.cpp">
      <Filter>Rendering\Buffer</Filter>
    </ClCompile>
    <ClCompile Include="..\Runtime\Core\Window.cpp">
      <Filter>Core</Filter>
    </ClCompile>
    <ClCompile Include="..\Runtime\Core\Config.cpp">
      <Filter>Core</Filter>
    </ClCompile>
    <ClCompile Include="..\Runtime\Resource\PlainText.cpp">
      <Filter>Resource</Filter>
    </ClCompile>
    <ClCompile Include="..\Runtime\Rendering\RendererDX11.cpp">
      <Filter>Rendering</Filter>
    </ClCompile>
    <ClCompile Include="..\Runtime\Rendering\IndexBufferDX11.cpp">
      <Filter>Rendering\Buffer</Filter>
    </ClCompile>
  </ItemGroup>
</Project>