<?xml version="1.0" encoding="utf-8"?>
<Project ToolsVersion="4.0" xmlns="http://schemas.microsoft.com/developer/msbuild/2003">
  <ItemGroup>
    <Filter Include="Core">
      <UniqueIdentifier>{5cfaab77-c9fe-42bd-aa80-f722eb33613d}</UniqueIdentifier>
    </Filter>
    <Filter Include="Math">
      <UniqueIdentifier>{de67a36c-e7a7-4d56-84cb-2ec42365dc82}</UniqueIdentifier>
    </Filter>
    <Filter Include="Components">
      <UniqueIdentifier>{5a159d47-a33e-434f-b54b-8bd8ca48aa49}</UniqueIdentifier>
    </Filter>
    <Filter Include="Rendering">
      <UniqueIdentifier>{d1f9d1d8-950f-421a-a286-64300b2e45ea}</UniqueIdentifier>
    </Filter>
    <Filter Include="EventSystem">
      <UniqueIdentifier>{41ebf61a-c65f-4cdf-b618-787f880bcbee}</UniqueIdentifier>
    </Filter>
    <Filter Include="ThirdParty">
      <UniqueIdentifier>{5406f72d-f47b-4710-88b6-111d3153388c}</UniqueIdentifier>
    </Filter>
    <Filter Include="ThirdParty\json">
      <UniqueIdentifier>{058221c6-d62e-4c78-899f-32d2a0c45c1f}</UniqueIdentifier>
    </Filter>
    <Filter Include="Rendering\Buffers">
      <UniqueIdentifier>{39cf7b4e-c6cf-4245-aece-4c33c6a97d20}</UniqueIdentifier>
    </Filter>
    <Filter Include="Rendering\Textures">
      <UniqueIdentifier>{3cb3f96e-3de6-4787-8dcf-9fb3a400d637}</UniqueIdentifier>
    </Filter>
    <Filter Include="Rendering\Shaders">
      <UniqueIdentifier>{72d4f322-50ea-48c3-88aa-8b17e771855b}</UniqueIdentifier>
    </Filter>
    <Filter Include="Core\GameFramework">
      <UniqueIdentifier>{7ab57107-4381-488a-af23-0b9a63b49ca7}</UniqueIdentifier>
    </Filter>
    <Filter Include="ThirdParty\assimp">
      <UniqueIdentifier>{bdda35a3-0e52-49d6-90cd-a9fdc918cd15}</UniqueIdentifier>
    </Filter>
    <Filter Include="Rendering\LightPrePass">
      <UniqueIdentifier>{7c2fe0e0-1738-4d2a-8131-9079fe36cf50}</UniqueIdentifier>
    </Filter>
    <Filter Include="Resource">
      <UniqueIdentifier>{59186037-5e12-4276-ad89-04ba5e35c69f}</UniqueIdentifier>
    </Filter>
    <Filter Include="ThirdParty\zlib">
      <UniqueIdentifier>{ffd86714-8c1b-48fb-bb52-3217461516c4}</UniqueIdentifier>
    </Filter>
    <Filter Include="ThirdParty\libpng">
      <UniqueIdentifier>{6fc24fcb-976f-4e28-876e-32905fc8521a}</UniqueIdentifier>
    </Filter>
    <Filter Include="Shaders">
      <UniqueIdentifier>{776385f7-c74f-4647-8275-8c2537b0f97d}</UniqueIdentifier>
    </Filter>
  </ItemGroup>
  <ItemGroup>
    <ClInclude Include="..\Runtime\Core\Context.h">
      <Filter>Core</Filter>
    </ClInclude>
    <ClInclude Include="..\Runtime\Core\SubSystem.h">
      <Filter>Core</Filter>
    </ClInclude>
    <ClInclude Include="..\Runtime\Core\Helper.h">
      <Filter>Core</Filter>
    </ClInclude>
    <ClInclude Include="..\Runtime\Core\Engine.h">
      <Filter>Core</Filter>
    </ClInclude>
    <ClInclude Include="..\Runtime\Component\Component.h">
      <Filter>Components</Filter>
    </ClInclude>
    <ClInclude Include="..\Runtime\Core\World.h">
      <Filter>Core</Filter>
    </ClInclude>
    <ClInclude Include="..\Runtime\Math\Vector3.h">
      <Filter>Math</Filter>
    </ClInclude>
    <ClInclude Include="..\Runtime\Math\Vector4.h">
      <Filter>Math</Filter>
    </ClInclude>
    <ClInclude Include="..\Runtime\Math\Matrix.h">
      <Filter>Math</Filter>
    </ClInclude>
    <ClInclude Include="..\Runtime\Rendering\ResourceDX11.h">
      <Filter>Rendering</Filter>
    </ClInclude>
    <ClInclude Include="..\Runtime\Math\Math.h">
      <Filter>Math</Filter>
    </ClInclude>
    <ClInclude Include="..\Runtime\Rendering\BufferDX11.h">
      <Filter>Rendering\Buffers</Filter>
    </ClInclude>
    <ClInclude Include="..\Runtime\Rendering\IndexBufferDX11.h">
      <Filter>Rendering\Buffers</Filter>
    </ClInclude>
    <ClInclude Include="..\Runtime\Rendering\ConstantBufferDX11.h">
      <Filter>Rendering\Buffers</Filter>
    </ClInclude>
    <ClInclude Include="..\Runtime\Rendering\RendererDX11.h">
      <Filter>Rendering</Filter>
    </ClInclude>
    <ClInclude Include="..\Runtime\Core\Window.h">
      <Filter>Core</Filter>
    </ClInclude>
    <ClInclude Include="..\Runtime\Core\Config.h">
      <Filter>Core</Filter>
    </ClInclude>
    <ClInclude Include="..\ThirdParty\json\src\json.hpp">
      <Filter>ThirdParty\json</Filter>
    </ClInclude>
    <ClInclude Include="..\Runtime\Rendering\Texture2dDX11.h">
      <Filter>Rendering\Textures</Filter>
    </ClInclude>
    <ClInclude Include="..\Runtime\Rendering\RenderTargetDX11.h">
      <Filter>Rendering\Textures</Filter>
    </ClInclude>
    <ClInclude Include="..\Runtime\Rendering\DepthStencilBufferDX11.h">
      <Filter>Rendering\Buffers</Filter>
    </ClInclude>
    <ClInclude Include="..\Runtime\Rendering\Rendering.h">
      <Filter>Rendering</Filter>
    </ClInclude>
    <ClInclude Include="..\Runtime\Rendering\ShaderDX11.h">
      <Filter>Rendering\Shaders</Filter>
    </ClInclude>
    <ClInclude Include="..\Runtime\Rendering\VertexShaderDX11.h">
      <Filter>Rendering\Shaders</Filter>
    </ClInclude>
    <ClInclude Include="..\Runtime\Rendering\InputLayoutDX11.h">
      <Filter>Rendering\Shaders</Filter>
    </ClInclude>
    <ClInclude Include="..\Runtime\Rendering\PixelShaderDX11.h">
      <Filter>Rendering\Shaders</Filter>
    </ClInclude>
    <ClInclude Include="..\Runtime\Rendering\SamplerDX11.h">
      <Filter>Rendering\Shaders</Filter>
    </ClInclude>
    <ClInclude Include="..\Runtime\Math\Vertex.h">
      <Filter>Math</Filter>
    </ClInclude>
    <ClInclude Include="..\Runtime\Math\Vector2.h">
      <Filter>Math</Filter>
    </ClInclude>
    <ClInclude Include="..\Runtime\Core\Entity.h">
      <Filter>Core\GameFramework</Filter>
    </ClInclude>
    <ClInclude Include="..\Runtime\Core\Transform.h">
      <Filter>Core\GameFramework</Filter>
    </ClInclude>
    <ClInclude Include="..\Runtime\Math\Quaternion.h">
      <Filter>Math</Filter>
    </ClInclude>
    <ClInclude Include="..\Runtime\Core\ComponentRegister.h">
      <Filter>Core</Filter>
    </ClInclude>
    <ClInclude Include="..\Runtime\Rendering\Mesh.h">
      <Filter>Rendering</Filter>
    </ClInclude>
    <ClInclude Include="..\ThirdParty\assimp\include\assimp\vector3.h">
      <Filter>ThirdParty\assimp</Filter>
    </ClInclude>
    <ClInclude Include="..\ThirdParty\assimp\include\assimp\version.h">
      <Filter>ThirdParty\assimp</Filter>
    </ClInclude>
    <ClInclude Include="..\ThirdParty\assimp\include\assimp\ai_assert.h">
      <Filter>ThirdParty\assimp</Filter>
    </ClInclude>
    <ClInclude Include="..\ThirdParty\assimp\include\assimp\anim.h">
      <Filter>ThirdParty\assimp</Filter>
    </ClInclude>
    <ClInclude Include="..\ThirdParty\assimp\include\assimp\camera.h">
      <Filter>ThirdParty\assimp</Filter>
    </ClInclude>
    <ClInclude Include="..\ThirdParty\assimp\include\assimp\cexport.h">
      <Filter>ThirdParty\assimp</Filter>
    </ClInclude>
    <ClInclude Include="..\ThirdParty\assimp\include\assimp\cfileio.h">
      <Filter>ThirdParty\assimp</Filter>
    </ClInclude>
    <ClInclude Include="..\ThirdParty\assimp\include\assimp\cimport.h">
      <Filter>ThirdParty\assimp</Filter>
    </ClInclude>
    <ClInclude Include="..\ThirdParty\assimp\include\assimp\color4.h">
      <Filter>ThirdParty\assimp</Filter>
    </ClInclude>
    <ClInclude Include="..\ThirdParty\assimp\include\assimp\DefaultIOStream.h">
      <Filter>ThirdParty\assimp</Filter>
    </ClInclude>
    <ClInclude Include="..\ThirdParty\assimp\include\assimp\DefaultIOSystem.h">
      <Filter>ThirdParty\assimp</Filter>
    </ClInclude>
    <ClInclude Include="..\ThirdParty\assimp\include\assimp\DefaultLogger.hpp">
      <Filter>ThirdParty\assimp</Filter>
    </ClInclude>
    <ClInclude Include="..\ThirdParty\assimp\include\assimp\Defines.h">
      <Filter>ThirdParty\assimp</Filter>
    </ClInclude>
    <ClInclude Include="..\ThirdParty\assimp\include\assimp\defs.h">
      <Filter>ThirdParty\assimp</Filter>
    </ClInclude>
    <ClInclude Include="..\ThirdParty\assimp\include\assimp\Exporter.hpp">
      <Filter>ThirdParty\assimp</Filter>
    </ClInclude>
    <ClInclude Include="..\ThirdParty\assimp\include\assimp\Importer.hpp">
      <Filter>ThirdParty\assimp</Filter>
    </ClInclude>
    <ClInclude Include="..\ThirdParty\assimp\include\assimp\importerdesc.h">
      <Filter>ThirdParty\assimp</Filter>
    </ClInclude>
    <ClInclude Include="..\ThirdParty\assimp\include\assimp\IOStream.hpp">
      <Filter>ThirdParty\assimp</Filter>
    </ClInclude>
    <ClInclude Include="..\ThirdParty\assimp\include\assimp\IOSystem.hpp">
      <Filter>ThirdParty\assimp</Filter>
    </ClInclude>
    <ClInclude Include="..\ThirdParty\assimp\include\assimp\light.h">
      <Filter>ThirdParty\assimp</Filter>
    </ClInclude>
    <ClInclude Include="..\ThirdParty\assimp\include\assimp\Logger.hpp">
      <Filter>ThirdParty\assimp</Filter>
    </ClInclude>
    <ClInclude Include="..\ThirdParty\assimp\include\assimp\LogStream.hpp">
      <Filter>ThirdParty\assimp</Filter>
    </ClInclude>
    <ClInclude Include="..\ThirdParty\assimp\include\assimp\material.h">
      <Filter>ThirdParty\assimp</Filter>
    </ClInclude>
    <ClInclude Include="..\ThirdParty\assimp\include\assimp\matrix3x3.h">
      <Filter>ThirdParty\assimp</Filter>
    </ClInclude>
    <ClInclude Include="..\ThirdParty\assimp\include\assimp\matrix4x4.h">
      <Filter>ThirdParty\assimp</Filter>
    </ClInclude>
    <ClInclude Include="..\ThirdParty\assimp\include\assimp\mesh.h">
      <Filter>ThirdParty\assimp</Filter>
    </ClInclude>
    <ClInclude Include="..\ThirdParty\assimp\include\assimp\metadata.h">
      <Filter>ThirdParty\assimp</Filter>
    </ClInclude>
    <ClInclude Include="..\ThirdParty\assimp\include\assimp\NullLogger.hpp">
      <Filter>ThirdParty\assimp</Filter>
    </ClInclude>
    <ClInclude Include="..\ThirdParty\assimp\include\assimp\postprocess.h">
      <Filter>ThirdParty\assimp</Filter>
    </ClInclude>
    <ClInclude Include="..\ThirdParty\assimp\include\assimp\ProgressHandler.hpp">
      <Filter>ThirdParty\assimp</Filter>
    </ClInclude>
    <ClInclude Include="..\ThirdParty\assimp\include\assimp\quaternion.h">
      <Filter>ThirdParty\assimp</Filter>
    </ClInclude>
    <ClInclude Include="..\ThirdParty\assimp\include\assimp\scene.h">
      <Filter>ThirdParty\assimp</Filter>
    </ClInclude>
    <ClInclude Include="..\ThirdParty\assimp\include\assimp\SceneCombiner.h">
      <Filter>ThirdParty\assimp</Filter>
    </ClInclude>
    <ClInclude Include="..\ThirdParty\assimp\include\assimp\texture.h">
      <Filter>ThirdParty\assimp</Filter>
    </ClInclude>
    <ClInclude Include="..\ThirdParty\assimp\include\assimp\types.h">
      <Filter>ThirdParty\assimp</Filter>
    </ClInclude>
    <ClInclude Include="..\ThirdParty\assimp\include\assimp\vector2.h">
      <Filter>ThirdParty\assimp</Filter>
    </ClInclude>
    <ClInclude Include="..\ThirdParty\assimp\include\assimp\Compiler\poppack1.h">
      <Filter>ThirdParty\assimp</Filter>
    </ClInclude>
    <ClInclude Include="..\ThirdParty\assimp\include\assimp\Compiler\pstdint.h">
      <Filter>ThirdParty\assimp</Filter>
    </ClInclude>
    <ClInclude Include="..\ThirdParty\assimp\include\assimp\Compiler\pushpack1.h">
      <Filter>ThirdParty\assimp</Filter>
    </ClInclude>
    <ClInclude Include="..\ThirdParty\assimp\include\assimp\port\AndroidJNI\AndroidJNIIOSystem.h">
      <Filter>ThirdParty\assimp</Filter>
    </ClInclude>
    <ClInclude Include="..\Runtime\Rendering\VertexBufferDX11.h">
      <Filter>Rendering\Buffers</Filter>
    </ClInclude>
    <ClInclude Include="..\Runtime\Component\MeshRenderComponent.h">
      <Filter>Components</Filter>
    </ClInclude>
    <ClInclude Include="..\Runtime\Rendering\RenderingPass.h">
      <Filter>Rendering</Filter>
    </ClInclude>
    <ClInclude Include="..\Runtime\Rendering\GBuffer.h">
      <Filter>Rendering\LightPrePass</Filter>
    </ClInclude>
    <ClInclude Include="..\Runtime\Rendering\GBufferPass.h">
      <Filter>Rendering\LightPrePass</Filter>
    </ClInclude>
    <ClInclude Include="..\Runtime\Rendering\LightBufferPass.h">
      <Filter>Rendering\LightPrePass</Filter>
    </ClInclude>
    <ClInclude Include="..\Runtime\Rendering\ShadingPass.h">
      <Filter>Rendering\LightPrePass</Filter>
    </ClInclude>
    <ClInclude Include="..\Runtime\Component\LightComponent.h">
      <Filter>Components</Filter>
    </ClInclude>
    <ClInclude Include="..\Runtime\Rendering\Quad.h">
      <Filter>Rendering</Filter>
    </ClInclude>
    <ClInclude Include="..\Runtime\Component\CameraComponent.h">
      <Filter>Components</Filter>
    </ClInclude>
    <ClInclude Include="..\Runtime\Resource\ModelLoader.h">
      <Filter>Resource</Filter>
    </ClInclude>
    <ClInclude Include="..\Runtime\Resource\PlainText.h">
      <Filter>Resource</Filter>
    </ClInclude>
    <ClInclude Include="..\Runtime\Resource\Resource.h">
      <Filter>Resource</Filter>
    </ClInclude>
    <ClInclude Include="..\Runtime\Resource\ResourceCache.h">
      <Filter>Resource</Filter>
    </ClInclude>
    <ClInclude Include="..\Runtime\Resource\ResourceManager.h">
      <Filter>Resource</Filter>
    </ClInclude>
    <ClInclude Include="..\Runtime\Resource\Texture2D.h">
      <Filter>Resource</Filter>
    </ClInclude>
    <ClInclude Include="..\Runtime\Resource\TextureLoader.h">
      <Filter>Resource</Filter>
    </ClInclude>
    <ClInclude Include="..\Runtime\Resource\Material.h">
      <Filter>Resource</Filter>
    </ClInclude>
    <ClInclude Include="..\Runtime\Resource\Model.h">
      <Filter>Resource</Filter>
    </ClInclude>
    <ClInclude Include="..\ThirdParty\libpng\include\png.h">
      <Filter>ThirdParty\libpng</Filter>
    </ClInclude>
    <ClInclude Include="..\ThirdParty\libpng\include\pngconf.h">
      <Filter>ThirdParty\libpng</Filter>
    </ClInclude>
    <ClInclude Include="..\ThirdParty\libpng\include\pnglibconf.h">
      <Filter>ThirdParty\libpng</Filter>
    </ClInclude>
    <ClInclude Include="..\ThirdParty\zlib\include\zconf.h">
      <Filter>ThirdParty\zlib</Filter>
    </ClInclude>
    <ClInclude Include="..\ThirdParty\zlib\include\zlib.h">
      <Filter>ThirdParty\zlib</Filter>
    </ClInclude>
  </ItemGroup>
  <ItemGroup>
    <ClCompile Include="..\Runtime\Core\Context.cpp">
      <Filter>Core</Filter>
    </ClCompile>
    <ClCompile Include="..\Runtime\Core\SubSystem.cpp">
      <Filter>Core</Filter>
    </ClCompile>
    <ClCompile Include="..\Runtime\Core\Engine.cpp">
      <Filter>Core</Filter>
    </ClCompile>
    <ClCompile Include="..\Runtime\Core\World.cpp">
      <Filter>Core</Filter>
    </ClCompile>
    <ClCompile Include="..\Runtime\Component\Component.cpp">
      <Filter>Components</Filter>
    </ClCompile>
    <ClCompile Include="..\Runtime\Math\Vector3.cpp">
      <Filter>Math</Filter>
    </ClCompile>
    <ClCompile Include="..\Runtime\Math\Vector4.cpp">
      <Filter>Math</Filter>
    </ClCompile>
    <ClCompile Include="..\Runtime\Math\Matrix.cpp">
      <Filter>Math</Filter>
    </ClCompile>
    <ClCompile Include="..\Runtime\Rendering\BufferDX11.cpp">
      <Filter>Rendering\Buffers</Filter>
    </ClCompile>
    <ClCompile Include="..\Runtime\Core\Window.cpp">
      <Filter>Core</Filter>
    </ClCompile>
    <ClCompile Include="..\Runtime\Core\Config.cpp">
      <Filter>Core</Filter>
    </ClCompile>
    <ClCompile Include="..\Runtime\Rendering\RendererDX11.cpp">
      <Filter>Rendering</Filter>
    </ClCompile>
    <ClCompile Include="..\Runtime\Rendering\IndexBufferDX11.cpp">
      <Filter>Rendering\Buffers</Filter>
    </ClCompile>
    <ClCompile Include="..\Runtime\Rendering\Texture2dDX11.cpp">
      <Filter>Rendering\Textures</Filter>
    </ClCompile>
    <ClCompile Include="..\Runtime\Rendering\ConstantBufferDX11.cpp">
      <Filter>Rendering\Buffers</Filter>
    </ClCompile>
    <ClCompile Include="..\Runtime\Rendering\RenderTargetDX11.cpp">
      <Filter>Rendering\Textures</Filter>
    </ClCompile>
    <ClCompile Include="..\Runtime\Rendering\DepthStencilBufferDX11.cpp">
      <Filter>Rendering\Buffers</Filter>
    </ClCompile>
    <ClCompile Include="..\Runtime\Rendering\VertexShaderDX11.cpp">
      <Filter>Rendering\Shaders</Filter>
    </ClCompile>
    <ClCompile Include="..\Runtime\Rendering\InputLayoutDX11.cpp">
      <Filter>Rendering\Shaders</Filter>
    </ClCompile>
    <ClCompile Include="..\Runtime\Rendering\PixelShaderDX11.cpp">
      <Filter>Rendering\Shaders</Filter>
    </ClCompile>
    <ClCompile Include="..\Runtime\Rendering\SamplerDX11.cpp">
      <Filter>Rendering\Shaders</Filter>
    </ClCompile>
    <ClCompile Include="..\Runtime\Core\Entity.cpp">
      <Filter>Core\GameFramework</Filter>
    </ClCompile>
    <ClCompile Include="..\Runtime\Core\Transform.cpp">
      <Filter>Core\GameFramework</Filter>
    </ClCompile>
    <ClCompile Include="..\Runtime\Core\ComponentRegister.cpp">
      <Filter>Core</Filter>
    </ClCompile>
    <ClCompile Include="..\Runtime\Rendering\Mesh.cpp">
      <Filter>Rendering</Filter>
    </ClCompile>
    <ClCompile Include="..\Runtime\Rendering\VertexBufferDX11.cpp">
      <Filter>Rendering\Buffers</Filter>
    </ClCompile>
    <ClCompile Include="..\Runtime\Component\MeshRenderComponent.cpp">
      <Filter>Components</Filter>
    </ClCompile>
    <ClCompile Include="..\Runtime\Rendering\RenderingPass.cpp">
      <Filter>Rendering</Filter>
    </ClCompile>
    <ClCompile Include="..\Runtime\Rendering\GBuffer.cpp">
      <Filter>Rendering\LightPrePass</Filter>
    </ClCompile>
    <ClCompile Include="..\Runtime\Rendering\GBufferPass.cpp">
      <Filter>Rendering\LightPrePass</Filter>
    </ClCompile>
    <ClCompile Include="..\Runtime\Rendering\LightBufferPass.cpp">
      <Filter>Rendering\LightPrePass</Filter>
    </ClCompile>
    <ClCompile Include="..\Runtime\Rendering\ShadingPass.cpp">
      <Filter>Rendering\LightPrePass</Filter>
    </ClCompile>
    <ClCompile Include="..\Runtime\Component\LightComponent.cpp">
      <Filter>Components</Filter>
    </ClCompile>
    <ClCompile Include="..\Runtime\Rendering\Quad.cpp">
      <Filter>Rendering</Filter>
    </ClCompile>
    <ClCompile Include="..\Runtime\Component\CameraComponent.cpp">
      <Filter>Components</Filter>
    </ClCompile>
    <ClCompile Include="..\Runtime\Resource\PlainText.cpp">
      <Filter>Resource</Filter>
    </ClCompile>
    <ClCompile Include="..\Runtime\Resource\Resource.cpp">
      <Filter>Resource</Filter>
    </ClCompile>
    <ClCompile Include="..\Runtime\Resource\ResourceCache.cpp">
      <Filter>Resource</Filter>
    </ClCompile>
    <ClCompile Include="..\Runtime\Resource\ResourceManager.cpp">
      <Filter>Resource</Filter>
    </ClCompile>
    <ClCompile Include="..\Runtime\Resource\Texture2D.cpp">
      <Filter>Resource</Filter>
    </ClCompile>
    <ClCompile Include="..\Runtime\Resource\TextureLoader.cpp">
      <Filter>Resource</Filter>
    </ClCompile>
    <ClCompile Include="..\Runtime\Resource\Material.cpp">
      <Filter>Resource</Filter>
    </ClCompile>
    <ClCompile Include="..\Runtime\Resource\Model.cpp">
      <Filter>Resource</Filter>
    </ClCompile>
    <ClCompile Include="..\Runtime\Resource\ModelLoader.cpp">
      <Filter>Resource</Filter>
    </ClCompile>
  </ItemGroup>
  <ItemGroup>
    <None Include="..\ThirdParty\assimp\include\assimp\vector3.inl">
      <Filter>ThirdParty\assimp</Filter>
    </None>
    <None Include="..\ThirdParty\assimp\include\assimp\.editorconfig">
      <Filter>ThirdParty\assimp</Filter>
    </None>
    <None Include="..\ThirdParty\assimp\include\assimp\color4.inl">
      <Filter>ThirdParty\assimp</Filter>
    </None>
    <None Include="..\ThirdParty\assimp\include\assimp\material.inl">
      <Filter>ThirdParty\assimp</Filter>
    </None>
    <None Include="..\ThirdParty\assimp\include\assimp\matrix3x3.inl">
      <Filter>ThirdParty\assimp</Filter>
    </None>
    <None Include="..\ThirdParty\assimp\include\assimp\matrix4x4.inl">
      <Filter>ThirdParty\assimp</Filter>
    </None>
    <None Include="..\ThirdParty\assimp\include\assimp\quaternion.inl">
      <Filter>ThirdParty\assimp</Filter>
    </None>
    <None Include="..\ThirdParty\assimp\include\assimp\vector2.inl">
      <Filter>ThirdParty\assimp</Filter>
    </None>
    <None Include="..\ThirdParty\assimp\include\assimp\config.h">
      <Filter>ThirdParty\assimp</Filter>
    </None>
  </ItemGroup>
  <ItemGroup>
    <FxCompile Include="Contents\Shaders\GBuffer.hlsl">
      <Filter>Shaders</Filter>
    </FxCompile>
    <FxCompile Include="Contents\Shaders\LightBuffer.hlsl">
      <Filter>Shaders</Filter>
    </FxCompile>
    <FxCompile Include="Contents\Shaders\Shading.hlsl">
      <Filter>Shaders</Filter>
    </FxCompile>
  </ItemGroup>
</Project>